
Microsoft Visual Studio Solution File, Format Version 12.00
# Visual Studio 2012
Project("{FAE04EC0-301F-11D3-BF4B-00C04F79EFBC}") = "QuanLyCBGV", "QuanLyCBGV\QuanLyCBGV.csproj", "{11CE59FC-86C0-4960-A22B-CDC31E73584A}"
EndProject
Global
	GlobalSection(SolutionConfigurationPlatforms) = preSolution
		Debug|Any CPU = Debug|Any CPU
		Release|Any CPU = Release|Any CPU
	EndGlobalSection
	GlobalSection(ProjectConfigurationPlatforms) = postSolution
		{11CE59FC-86C0-4960-A22B-CDC31E73584A}.Debug|Any CPU.ActiveCfg = Debug|Any CPU
		{11CE59FC-86C0-4960-A22B-CDC31E73584A}.Debug|Any CPU.Build.0 = Debug|Any CPU
		{11CE59FC-86C0-4960-A22B-CDC31E73584A}.Release|Any CPU.ActiveCfg = Release|Any CPU
		{11CE59FC-86C0-4960-A22B-CDC31E73584A}.Release|Any CPU.Build.0 = Release|Any CPU
	EndGlobalSection
	GlobalSection(SolutionProperties) = preSolution
		HideSolutionNode = FALSE
	EndGlobalSection
EndGlobal
